// !$*UTF8*$!
{
	archiveVersion = 1;
	classes = {
	};
	objectVersion = 46;
	objects = {

/* Begin PBXBuildFile section */
		C922519A1C74AC3C006EA1E9 /* AppDelegate.swift in Sources */ = {isa = PBXBuildFile; fileRef = C92251991C74AC3C006EA1E9 /* AppDelegate.swift */; };
		C922519C1C74AC3C006EA1E9 /* ViewController.swift in Sources */ = {isa = PBXBuildFile; fileRef = C922519B1C74AC3C006EA1E9 /* ViewController.swift */; };
		C922519F1C74AC3C006EA1E9 /* Main.storyboard in Resources */ = {isa = PBXBuildFile; fileRef = C922519D1C74AC3C006EA1E9 /* Main.storyboard */; };
		C92251A11C74AC3C006EA1E9 /* Assets.xcassets in Resources */ = {isa = PBXBuildFile; fileRef = C92251A01C74AC3C006EA1E9 /* Assets.xcassets */; };
		C92251A41C74AC3C006EA1E9 /* LaunchScreen.storyboard in Resources */ = {isa = PBXBuildFile; fileRef = C92251A21C74AC3C006EA1E9 /* LaunchScreen.storyboard */; };
		C9288D631C7643D5002A9A6C /* background.png in Resources */ = {isa = PBXBuildFile; fileRef = C9288D621C7643D5002A9A6C /* background.png */; };
/* End PBXBuildFile section */

/* Begin PBXFileReference section */
		C92251961C74AC3B006EA1E9 /* see.app */ = {isa = PBXFileReference; explicitFileType = wrapper.application; includeInIndex = 0; path = see.app; sourceTree = BUILT_PRODUCTS_DIR; };
		C92251991C74AC3C006EA1E9 /* AppDelegate.swift */ = {isa = PBXFileReference; lastKnownFileType = sourcecode.swift; path = AppDelegate.swift; sourceTree = "<group>"; };
		C922519B1C74AC3C006EA1E9 /* ViewController.swift */ = {isa = PBXFileReference; lastKnownFileType = sourcecode.swift; path = ViewController.swift; sourceTree = "<group>"; };
		C922519E1C74AC3C006EA1E9 /* Base */ = {isa = PBXFileReference; lastKnownFileType = file.storyboard; name = Base; path = Base.lproj/Main.storyboard; sourceTree = "<group>"; };
		C92251A01C74AC3C006EA1E9 /* Assets.xcassets */ = {isa = PBXFileReference; lastKnownFileType = folder.assetcatalog; path = Assets.xcassets; sourceTree = "<group>"; };
		C92251A31C74AC3C006EA1E9 /* Base */ = {isa = PBXFileReference; lastKnownFileType = file.storyboard; name = Base; path = Base.lproj/LaunchScreen.storyboard; sourceTree = "<group>"; };
		C92251A51C74AC3C006EA1E9 /* Info.plist */ = {isa = PBXFileReference; lastKnownFileType = text.plist.xml; path = Info.plist; sourceTree = "<group>"; };
		C9288D621C7643D5002A9A6C /* background.png */ = {isa = PBXFileReference; lastKnownFileType = image.png; path = background.png; sourceTree = "<group>"; };
/* End PBXFileReference section */

/* Begin PBXFrameworksBuildPhase section */
		C92251931C74AC3B006EA1E9 /* Frameworks */ = {
			isa = PBXFrameworksBuildPhase;
			buildActionMask = 2147483647;
			files = (
			);
			runOnlyForDeploymentPostprocessing = 0;
		};
/* End PBXFrameworksBuildPhase section */

/* Begin PBXGroup section */
		C922518D1C74AC3B006EA1E9 = {
			isa = PBXGroup;
			children = (
				C92251981C74AC3C006EA1E9 /* see */,
				C92251971C74AC3B006EA1E9 /* Products */,
			);
			sourceTree = "<group>";
		};
		C92251971C74AC3B006EA1E9 /* Products */ = {
			isa = PBXGroup;
			children = (
				C92251961C74AC3B006EA1E9 /* see.app */,
			);
			name = Products;
			sourceTree = "<group>";
		};
		C92251981C74AC3C006EA1E9 /* see */ = {
			isa = PBXGroup;
			children = (
				C92251991C74AC3C006EA1E9 /* AppDelegate.swift */,
				C922519B1C74AC3C006EA1E9 /* ViewController.swift */,
				C922519D1C74AC3C006EA1E9 /* Main.storyboard */,
				C9288D621C7643D5002A9A6C /* background.png */,
				C92251A01C74AC3C006EA1E9 /* Assets.xcassets */,
				C92251A21C74AC3C006EA1E9 /* LaunchScreen.storyboard */,
				C92251A51C74AC3C006EA1E9 /* Info.plist */,
			);
			path = see;
			sourceTree = "<group>";
		};
/* End PBXGroup section */

/* Begin PBXNativeTarget section */
		C92251951C74AC3B006EA1E9 /* see */ = {
			isa = PBXNativeTarget;
			buildConfigurationList = C92251A81C74AC3C006EA1E9 /* Build configuration list for PBXNativeTarget "see" */;
			buildPhases = (
				C92251921C74AC3B006EA1E9 /* Sources */,
				C92251931C74AC3B006EA1E9 /* Frameworks */,
				C92251941C74AC3B006EA1E9 /* Resources */,
			);
			buildRules = (
			);
			dependencies = (
			);
			name = see;
			productName = see;
			productReference = C92251961C74AC3B006EA1E9 /* see.app */;
			productType = "com.apple.product-type.application";
		};
/* End PBXNativeTarget section */

/* Begin PBXProject section */
		C922518E1C74AC3B006EA1E9 /* Project object */ = {
			isa = PBXProject;
			attributes = {
				LastSwiftUpdateCheck = 0710;
				LastUpgradeCheck = 0710;
				ORGANIZATIONNAME = udacity;
				TargetAttributes = {
					C92251951C74AC3B006EA1E9 = {
						CreatedOnToolsVersion = 7.1.1;
						DevelopmentTeam = T25K9DPR27;
					};
				};
			};
			buildConfigurationList = C92251911C74AC3B006EA1E9 /* Build configuration list for PBXProject "see" */;
			compatibilityVersion = "Xcode 3.2";
			developmentRegion = English;
			hasScannedForEncodings = 0;
			knownRegions = (
				en,
				Base,
			);
			mainGroup = C922518D1C74AC3B006EA1E9;
			productRefGroup = C92251971C74AC3B006EA1E9 /* Products */;
			projectDirPath = "";
			projectRoot = "";
			targets = (
				C92251951C74AC3B006EA1E9 /* see */,
			);
		};
/* End PBXProject section */

/* Begin PBXResourcesBuildPhase section */
		C92251941C74AC3B006EA1E9 /* Resources */ = {
			isa = PBXResourcesBuildPhase;
			buildActionMask = 2147483647;
			files = (
				C92251A41C74AC3C006EA1E9 /* LaunchScreen.storyboard in Resources */,
				C9288D631C7643D5002A9A6C /* background.png in Resources */,
				C92251A11C74AC3C006EA1E9 /* Assets.xcassets in Resources */,
				C922519F1C74AC3C006EA1E9 /* Main.storyboard in Resources */,
			);
			runOnlyForDeploymentPostprocessing = 0;
		};
/* End PBXResourcesBuildPhase section */

/* Begin PBXSourcesBuildPhase section */
		C92251921C74AC3B006EA1E9 /* Sources */ = {
			isa = PBXSourcesBuildPhase;
			buildActionMask = 2147483647;
			files = (
				C922519C1C74AC3C006EA1E9 /* ViewController.swift in Sources */,
				C922519A1C74AC3C006EA1E9 /* AppDelegate.swift in Sources */,
			);
			runOnlyForDeploymentPostprocessing = 0;
		};
/* End PBXSourcesBuildPhase section */

/* Begin PBXVariantGroup section */
		C922519D1C74AC3C006EA1E9 /* Main.storyboard */ = {
			isa = PBXVariantGroup;
			children = (
				C922519E1C74AC3C006EA1E9 /* Base */,
			);
			name = Main.storyboard;
			sourceTree = "<group>";
		};
		C92251A21C74AC3C006EA1E9 /* LaunchScreen.storyboard */ = {
			isa = PBXVariantGroup;
			children = (
				C92251A31C74AC3C006EA1E9 /* Base */,
			);
			name = LaunchScreen.storyboard;
			sourceTree = "<group>";
		};
/* End PBXVariantGroup section */

/* Begin XCBuildConfiguration section */
		C92251A61C74AC3C006EA1E9 /* Debug */ = {
			isa = XCBuildConfiguration;
			buildSettings = {
				ALWAYS_SEARCH_USER_PATHS = NO;
				CLANG_CXX_LANGUAGE_STANDARD = "gnu++0x";
				CLANG_CXX_LIBRARY = "libc++";
				CLANG_ENABLE_MODULES = YES;
				CLANG_ENABLE_OBJC_ARC = YES;
				CLANG_WARN_BOOL_CONVERSION = YES;
				CLANG_WARN_CONSTANT_CONVERSION = YES;
				CLANG_WARN_DIRECT_OBJC_ISA_USAGE = YES_ERROR;
				CLANG_WARN_EMPTY_BODY = YES;
				CLANG_WARN_ENUM_CONVERSION = YES;
				CLANG_WARN_INT_CONVERSION = YES;
				CLANG_WARN_OBJC_ROOT_CLASS = YES_ERROR;
				CLANG_WARN_UNREACHABLE_CODE = YES;
				CLANG_WARN__DUPLICATE_METHOD_MATCH = YES;
				"CODE_SIGN_IDENTITY[sdk=iphoneos*]" = "iPhone Developer";
				COPY_PHASE_STRIP = NO;
				DEBUG_INFORMATION_FORMAT = dwarf;
				ENABLE_STRICT_OBJC_MSGSEND = YES;
				ENABLE_TESTABILITY = YES;
				GCC_C_LANGUAGE_STANDARD = gnu99;
				GCC_DYNAMIC_NO_PIC = NO;
				GCC_NO_COMMON_BLOCKS = YES;
				GCC_OPTIMIZATION_LEVEL = 0;
				GCC_PREPROCESSOR_DEFINITIONS = (
					"DEBUG=1",
					"$(inherited)",
				);
				GCC_WARN_64_TO_32_BIT_CONVERSION = YES;
				GCC_WARN_ABOUT_RETURN_TYPE = YES_ERROR;
				GCC_WARN_UNDECLARED_SELECTOR = YES;
				GCC_WARN_UNINITIALIZED_AUTOS = YES_AGGRESSIVE;
				GCC_WARN_UNUSED_FUNCTION = YES;
				GCC_WARN_UNUSED_VARIABLE = YES;
				IPHONEOS_DEPLOYMENT_TARGET = 9.1;
				MTL_ENABLE_DEBUG_INFO = YES;
				ONLY_ACTIVE_ARCH = YES;
				SDKROOT = iphoneos;
				SWIFT_OPTIMIZATION_LEVEL = "-Onone";
			};
			name = Debug;
		};
		C92251A71C74AC3C006EA1E9 /* Release */ = {
			isa = XCBuildConfiguration;
			buildSettings = {
				ALWAYS_SEARCH_USER_PATHS = NO;
				CLANG_CXX_LANGUAGE_STANDARD = "gnu++0x";
				CLANG_CXX_LIBRARY = "libc++";
				CLANG_ENABLE_MODULES = YES;
				CLANG_ENABLE_OBJC_ARC = YES;
				CLANG_WARN_BOOL_CONVERSION = YES;
				CLANG_WARN_CONSTANT_CONVERSION = YES;
				CLANG_WARN_DIRECT_OBJC_ISA_USAGE = YES_ERROR;
				CLANG_WARN_EMPTY_BODY = YES;
				CLANG_WARN_ENUM_CONVERSION = YES;
				CLANG_WARN_INT_CONVERSION = YES;
				CLANG_WARN_OBJC_ROOT_CLASS = YES_ERROR;
				CLANG_WARN_UNREACHABLE_CODE = YES;
				CLANG_WARN__DUPLICATE_METHOD_MATCH = YES;
				"CODE_SIGN_IDENTITY[sdk=iphoneos*]" = "iPhone Developer";
				COPY_PHASE_STRIP = NO;
				DEBUG_INFORMATION_FORMAT = "dwarf-with-dsym";
				ENABLE_NS_ASSERTIONS = NO;
				ENABLE_STRICT_OBJC_MSGSEND = YES;
				GCC_C_LANGUAGE_STANDARD = gnu99;
				GCC_NO_COMMON_BLOCKS = YES;
				GCC_WARN_64_TO_32_BIT_CONVERSION = YES;
				GCC_WARN_ABOUT_RETURN_TYPE = YES_ERROR;
				GCC_WARN_UNDECLARED_SELECTOR = YES;
				GCC_WARN_UNINITIALIZED_AUTOS = YES_AGGRESSIVE;
				GCC_WARN_UNUSED_FUNCTION = YES;
				GCC_WARN_UNUSED_VARIABLE = YES;
				IPHONEOS_DEPLOYMENT_TARGET = 9.1;
				MTL_ENABLE_DEBUG_INFO = NO;
				SDKROOT = iphoneos;
				VALIDATE_PRODUCT = YES;
			};
			name = Release;
		};
		C92251A91C74AC3C006EA1E9 /* Debug */ = {
			isa = XCBuildConfiguration;
			buildSettings = {
				ASSETCATALOG_COMPILER_APPICON_NAME = AppIcon;
				INFOPLIST_FILE = see/Info.plist;
				LD_RUNPATH_SEARCH_PATHS = "$(inherited) @executable_path/Frameworks";
				PRODUCT_BUNDLE_IDENTIFIER = com.udacity.see;
				PRODUCT_NAME = "$(TARGET_NAME)";
			};
			name = Debug;
		};
		C92251AA1C74AC3C006EA1E9 /* Release */ = {
			isa = XCBuildConfiguration;
			buildSettings = {
				ASSETCATALOG_COMPILER_APPICON_NAME = AppIcon;
				INFOPLIST_FILE = see/Info.plist;
				LD_RUNPATH_SEARCH_PATHS = "$(inherited) @executable_path/Frameworks";
				PRODUCT_BUNDLE_IDENTIFIER = com.udacity.see;
				PRODUCT_NAME = "$(TARGET_NAME)";
			};
			name = Release;
		};
/* End XCBuildConfiguration section */

/* Begin XCConfigurationList section */
		C92251911C74AC3B006EA1E9 /* Build configuration list for PBXProject "see" */ = {
			isa = XCConfigurationList;
			buildConfigurations = (
				C92251A61C74AC3C006EA1E9 /* Debug */,
				C92251A71C74AC3C006EA1E9 /* Release */,
			);
			defaultConfigurationIsVisible = 0;
			defaultConfigurationName = Release;
		};
		C92251A81C74AC3C006EA1E9 /* Build configuration list for PBXNativeTarget "see" */ = {
			isa = XCConfigurationList;
			buildConfigurations = (
				C92251A91C74AC3C006EA1E9 /* Debug */,
				C92251AA1C74AC3C006EA1E9 /* Release */,
			);
			defaultConfigurationIsVisible = 0;
			defaultConfigurationName = Release;
		};
/* End XCConfigurationList section */
	};
	rootObject = C922518E1C74AC3B006EA1E9 /* Project object */;
}
