// !$*UTF8*$!
{
	archiveVersion = 1;
	classes = {
	};
	objectVersion = 46;
	objects = {

/* Begin PBXBuildFile section */
		C9AD0F021CC17F7F004926AC /* AppDelegate.swift in Sources */ = {isa = PBXBuildFile; fileRef = C9AD0F011CC17F7F004926AC /* AppDelegate.swift */; };
		C9AD0F041CC17F7F004926AC /* FirstViewController.swift in Sources */ = {isa = PBXBuildFile; fileRef = C9AD0F031CC17F7F004926AC /* FirstViewController.swift */; };
		C9AD0F061CC17F7F004926AC /* SecondViewController.swift in Sources */ = {isa = PBXBuildFile; fileRef = C9AD0F051CC17F7F004926AC /* SecondViewController.swift */; };
		C9AD0F091CC17F7F004926AC /* Main.storyboard in Resources */ = {isa = PBXBuildFile; fileRef = C9AD0F071CC17F7F004926AC /* Main.storyboard */; };
		C9AD0F0B1CC17F7F004926AC /* Assets.xcassets in Resources */ = {isa = PBXBuildFile; fileRef = C9AD0F0A1CC17F7F004926AC /* Assets.xcassets */; };
		C9AD0F0E1CC17F7F004926AC /* LaunchScreen.storyboard in Resources */ = {isa = PBXBuildFile; fileRef = C9AD0F0C1CC17F7F004926AC /* LaunchScreen.storyboard */; };
/* End PBXBuildFile section */

/* Begin PBXFileReference section */
		C9AD0EFE1CC17F7F004926AC /* todo application.app */ = {isa = PBXFileReference; explicitFileType = wrapper.application; includeInIndex = 0; path = "todo application.app"; sourceTree = BUILT_PRODUCTS_DIR; };
		C9AD0F011CC17F7F004926AC /* AppDelegate.swift */ = {isa = PBXFileReference; lastKnownFileType = sourcecode.swift; path = AppDelegate.swift; sourceTree = "<group>"; };
		C9AD0F031CC17F7F004926AC /* FirstViewController.swift */ = {isa = PBXFileReference; lastKnownFileType = sourcecode.swift; path = FirstViewController.swift; sourceTree = "<group>"; };
		C9AD0F051CC17F7F004926AC /* SecondViewController.swift */ = {isa = PBXFileReference; lastKnownFileType = sourcecode.swift; path = SecondViewController.swift; sourceTree = "<group>"; };
		C9AD0F081CC17F7F004926AC /* Base */ = {isa = PBXFileReference; lastKnownFileType = file.storyboard; name = Base; path = Base.lproj/Main.storyboard; sourceTree = "<group>"; };
		C9AD0F0A1CC17F7F004926AC /* Assets.xcassets */ = {isa = PBXFileReference; lastKnownFileType = folder.assetcatalog; path = Assets.xcassets; sourceTree = "<group>"; };
		C9AD0F0D1CC17F7F004926AC /* Base */ = {isa = PBXFileReference; lastKnownFileType = file.storyboard; name = Base; path = Base.lproj/LaunchScreen.storyboard; sourceTree = "<group>"; };
		C9AD0F0F1CC17F7F004926AC /* Info.plist */ = {isa = PBXFileReference; lastKnownFileType = text.plist.xml; path = Info.plist; sourceTree = "<group>"; };
/* End PBXFileReference section */

/* Begin PBXFrameworksBuildPhase section */
		C9AD0EFB1CC17F7F004926AC /* Frameworks */ = {
			isa = PBXFrameworksBuildPhase;
			buildActionMask = 2147483647;
			files = (
			);
			runOnlyForDeploymentPostprocessing = 0;
		};
/* End PBXFrameworksBuildPhase section */

/* Begin PBXGroup section */
		C9AD0EF51CC17F7F004926AC = {
			isa = PBXGroup;
			children = (
				C9AD0F001CC17F7F004926AC /* todo application */,
				C9AD0EFF1CC17F7F004926AC /* Products */,
			);
			sourceTree = "<group>";
		};
		C9AD0EFF1CC17F7F004926AC /* Products */ = {
			isa = PBXGroup;
			children = (
				C9AD0EFE1CC17F7F004926AC /* todo application.app */,
			);
			name = Products;
			sourceTree = "<group>";
		};
		C9AD0F001CC17F7F004926AC /* todo application */ = {
			isa = PBXGroup;
			children = (
				C9AD0F011CC17F7F004926AC /* AppDelegate.swift */,
				C9AD0F031CC17F7F004926AC /* FirstViewController.swift */,
				C9AD0F051CC17F7F004926AC /* SecondViewController.swift */,
				C9AD0F071CC17F7F004926AC /* Main.storyboard */,
				C9AD0F0A1CC17F7F004926AC /* Assets.xcassets */,
				C9AD0F0C1CC17F7F004926AC /* LaunchScreen.storyboard */,
				C9AD0F0F1CC17F7F004926AC /* Info.plist */,
			);
			path = "todo application";
			sourceTree = "<group>";
		};
/* End PBXGroup section */

/* Begin PBXNativeTarget section */
		C9AD0EFD1CC17F7F004926AC /* todo application */ = {
			isa = PBXNativeTarget;
			buildConfigurationList = C9AD0F121CC17F7F004926AC /* Build configuration list for PBXNativeTarget "todo application" */;
			buildPhases = (
				C9AD0EFA1CC17F7F004926AC /* Sources */,
				C9AD0EFB1CC17F7F004926AC /* Frameworks */,
				C9AD0EFC1CC17F7F004926AC /* Resources */,
			);
			buildRules = (
			);
			dependencies = (
			);
			name = "todo application";
			productName = "todo application";
			productReference = C9AD0EFE1CC17F7F004926AC /* todo application.app */;
			productType = "com.apple.product-type.application";
		};
/* End PBXNativeTarget section */

/* Begin PBXProject section */
		C9AD0EF61CC17F7F004926AC /* Project object */ = {
			isa = PBXProject;
			attributes = {
				LastSwiftUpdateCheck = 0710;
				LastUpgradeCheck = 0710;
				ORGANIZATIONNAME = udacity;
				TargetAttributes = {
					C9AD0EFD1CC17F7F004926AC = {
						CreatedOnToolsVersion = 7.1.1;
					};
				};
			};
			buildConfigurationList = C9AD0EF91CC17F7F004926AC /* Build configuration list for PBXProject "todo application" */;
			compatibilityVersion = "Xcode 3.2";
			developmentRegion = English;
			hasScannedForEncodings = 0;
			knownRegions = (
				en,
				Base,
			);
			mainGroup = C9AD0EF51CC17F7F004926AC;
			productRefGroup = C9AD0EFF1CC17F7F004926AC /* Products */;
			projectDirPath = "";
			projectRoot = "";
			targets = (
				C9AD0EFD1CC17F7F004926AC /* todo application */,
			);
		};
/* End PBXProject section */

/* Begin PBXResourcesBuildPhase section */
		C9AD0EFC1CC17F7F004926AC /* Resources */ = {
			isa = PBXResourcesBuildPhase;
			buildActionMask = 2147483647;
			files = (
				C9AD0F0E1CC17F7F004926AC /* LaunchScreen.storyboard in Resources */,
				C9AD0F0B1CC17F7F004926AC /* Assets.xcassets in Resources */,
				C9AD0F091CC17F7F004926AC /* Main.storyboard in Resources */,
			);
			runOnlyForDeploymentPostprocessing = 0;
		};
/* End PBXResourcesBuildPhase section */

/* Begin PBXSourcesBuildPhase section */
		C9AD0EFA1CC17F7F004926AC /* Sources */ = {
			isa = PBXSourcesBuildPhase;
			buildActionMask = 2147483647;
			files = (
				C9AD0F061CC17F7F004926AC /* SecondViewController.swift in Sources */,
				C9AD0F021CC17F7F004926AC /* AppDelegate.swift in Sources */,
				C9AD0F041CC17F7F004926AC /* FirstViewController.swift in Sources */,
			);
			runOnlyForDeploymentPostprocessing = 0;
		};
/* End PBXSourcesBuildPhase section */

/* Begin PBXVariantGroup section */
		C9AD0F071CC17F7F004926AC /* Main.storyboard */ = {
			isa = PBXVariantGroup;
			children = (
				C9AD0F081CC17F7F004926AC /* Base */,
			);
			name = Main.storyboard;
			sourceTree = "<group>";
		};
		C9AD0F0C1CC17F7F004926AC /* LaunchScreen.storyboard */ = {
			isa = PBXVariantGroup;
			children = (
				C9AD0F0D1CC17F7F004926AC /* Base */,
			);
			name = LaunchScreen.storyboard;
			sourceTree = "<group>";
		};
/* End PBXVariantGroup section */

/* Begin XCBuildConfiguration section */
		C9AD0F101CC17F7F004926AC /* Debug */ = {
			isa = XCBuildConfiguration;
			buildSettings = {
				ALWAYS_SEARCH_USER_PATHS = NO;
				CLANG_CXX_LANGUAGE_STANDARD = "gnu++0x";
				CLANG_CXX_LIBRARY = "libc++";
				CLANG_ENABLE_MODULES = YES;
				CLANG_ENABLE_OBJC_ARC = YES;
				CLANG_WARN_BOOL_CONVERSION = YES;
				CLANG_WARN_CONSTANT_CONVERSION = YES;
				CLANG_WARN_DIRECT_OBJC_ISA_USAGE = YES_ERROR;
				CLANG_WARN_EMPTY_BODY = YES;
				CLANG_WARN_ENUM_CONVERSION = YES;
				CLANG_WARN_INT_CONVERSION = YES;
				CLANG_WARN_OBJC_ROOT_CLASS = YES_ERROR;
				CLANG_WARN_UNREACHABLE_CODE = YES;
				CLANG_WARN__DUPLICATE_METHOD_MATCH = YES;
				"CODE_SIGN_IDENTITY[sdk=iphoneos*]" = "iPhone Developer";
				COPY_PHASE_STRIP = NO;
				DEBUG_INFORMATION_FORMAT = dwarf;
				ENABLE_STRICT_OBJC_MSGSEND = YES;
				ENABLE_TESTABILITY = YES;
				GCC_C_LANGUAGE_STANDARD = gnu99;
				GCC_DYNAMIC_NO_PIC = NO;
				GCC_NO_COMMON_BLOCKS = YES;
				GCC_OPTIMIZATION_LEVEL = 0;
				GCC_PREPROCESSOR_DEFINITIONS = (
					"DEBUG=1",
					"$(inherited)",
				);
				GCC_WARN_64_TO_32_BIT_CONVERSION = YES;
				GCC_WARN_ABOUT_RETURN_TYPE = YES_ERROR;
				GCC_WARN_UNDECLARED_SELECTOR = YES;
				GCC_WARN_UNINITIALIZED_AUTOS = YES_AGGRESSIVE;
				GCC_WARN_UNUSED_FUNCTION = YES;
				GCC_WARN_UNUSED_VARIABLE = YES;
				IPHONEOS_DEPLOYMENT_TARGET = 9.1;
				MTL_ENABLE_DEBUG_INFO = YES;
				ONLY_ACTIVE_ARCH = YES;
				SDKROOT = iphoneos;
				SWIFT_OPTIMIZATION_LEVEL = "-Onone";
			};
			name = Debug;
		};
		C9AD0F111CC17F7F004926AC /* Release */ = {
			isa = XCBuildConfiguration;
			buildSettings = {
				ALWAYS_SEARCH_USER_PATHS = NO;
				CLANG_CXX_LANGUAGE_STANDARD = "gnu++0x";
				CLANG_CXX_LIBRARY = "libc++";
				CLANG_ENABLE_MODULES = YES;
				CLANG_ENABLE_OBJC_ARC = YES;
				CLANG_WARN_BOOL_CONVERSION = YES;
				CLANG_WARN_CONSTANT_CONVERSION = YES;
				CLANG_WARN_DIRECT_OBJC_ISA_USAGE = YES_ERROR;
				CLANG_WARN_EMPTY_BODY = YES;
				CLANG_WARN_ENUM_CONVERSION = YES;
				CLANG_WARN_INT_CONVERSION = YES;
				CLANG_WARN_OBJC_ROOT_CLASS = YES_ERROR;
				CLANG_WARN_UNREACHABLE_CODE = YES;
				CLANG_WARN__DUPLICATE_METHOD_MATCH = YES;
				"CODE_SIGN_IDENTITY[sdk=iphoneos*]" = "iPhone Developer";
				COPY_PHASE_STRIP = NO;
				DEBUG_INFORMATION_FORMAT = "dwarf-with-dsym";
				ENABLE_NS_ASSERTIONS = NO;
				ENABLE_STRICT_OBJC_MSGSEND = YES;
				GCC_C_LANGUAGE_STANDARD = gnu99;
				GCC_NO_COMMON_BLOCKS = YES;
				GCC_WARN_64_TO_32_BIT_CONVERSION = YES;
				GCC_WARN_ABOUT_RETURN_TYPE = YES_ERROR;
				GCC_WARN_UNDECLARED_SELECTOR = YES;
				GCC_WARN_UNINITIALIZED_AUTOS = YES_AGGRESSIVE;
				GCC_WARN_UNUSED_FUNCTION = YES;
				GCC_WARN_UNUSED_VARIABLE = YES;
				IPHONEOS_DEPLOYMENT_TARGET = 9.1;
				MTL_ENABLE_DEBUG_INFO = NO;
				SDKROOT = iphoneos;
				VALIDATE_PRODUCT = YES;
			};
			name = Release;
		};
		C9AD0F131CC17F7F004926AC /* Debug */ = {
			isa = XCBuildConfiguration;
			buildSettings = {
				ASSETCATALOG_COMPILER_APPICON_NAME = AppIcon;
				CODE_SIGN_IDENTITY = "iPhone Developer";
				"CODE_SIGN_IDENTITY[sdk=iphoneos*]" = "iPhone Developer";
				INFOPLIST_FILE = "todo application/Info.plist";
				LD_RUNPATH_SEARCH_PATHS = "$(inherited) @executable_path/Frameworks";
				PRODUCT_BUNDLE_IDENTIFIER = "com.udacity.todo-application";
				PRODUCT_NAME = "$(TARGET_NAME)";
				PROVISIONING_PROFILE = "";
			};
			name = Debug;
		};
		C9AD0F141CC17F7F004926AC /* Release */ = {
			isa = XCBuildConfiguration;
			buildSettings = {
				ASSETCATALOG_COMPILER_APPICON_NAME = AppIcon;
				CODE_SIGN_IDENTITY = "iPhone Developer";
				"CODE_SIGN_IDENTITY[sdk=iphoneos*]" = "iPhone Developer";
				INFOPLIST_FILE = "todo application/Info.plist";
				LD_RUNPATH_SEARCH_PATHS = "$(inherited) @executable_path/Frameworks";
				PRODUCT_BUNDLE_IDENTIFIER = "com.udacity.todo-application";
				PRODUCT_NAME = "$(TARGET_NAME)";
				PROVISIONING_PROFILE = "";
			};
			name = Release;
		};
/* End XCBuildConfiguration section */

/* Begin XCConfigurationList section */
		C9AD0EF91CC17F7F004926AC /* Build configuration list for PBXProject "todo application" */ = {
			isa = XCConfigurationList;
			buildConfigurations = (
				C9AD0F101CC17F7F004926AC /* Debug */,
				C9AD0F111CC17F7F004926AC /* Release */,
			);
			defaultConfigurationIsVisible = 0;
			defaultConfigurationName = Release;
		};
		C9AD0F121CC17F7F004926AC /* Build configuration list for PBXNativeTarget "todo application" */ = {
			isa = XCConfigurationList;
			buildConfigurations = (
				C9AD0F131CC17F7F004926AC /* Debug */,
				C9AD0F141CC17F7F004926AC /* Release */,
			);
			defaultConfigurationIsVisible = 0;
		};
/* End XCConfigurationList section */
	};
	rootObject = C9AD0EF61CC17F7F004926AC /* Project object */;
}
